// !$*UTF8*$!
{
	archiveVersion = 1;
	classes = {
	};
	objectVersion = 46;
	objects = {

/* Begin PBXBuildFile section */
		7088BE091C8269D500BB5C6E /* AppDelegate.swift in Sources */ = {isa = PBXBuildFile; fileRef = 7088BE081C8269D500BB5C6E /* AppDelegate.swift */; };
		7088BE0B1C8269D500BB5C6E /* ViewController.swift in Sources */ = {isa = PBXBuildFile; fileRef = 7088BE0A1C8269D500BB5C6E /* ViewController.swift */; };
		7088BE0E1C8269D500BB5C6E /* Main.storyboard in Resources */ = {isa = PBXBuildFile; fileRef = 7088BE0C1C8269D500BB5C6E /* Main.storyboard */; };
		7088BE101C8269D500BB5C6E /* Assets.xcassets in Resources */ = {isa = PBXBuildFile; fileRef = 7088BE0F1C8269D500BB5C6E /* Assets.xcassets */; };
		7088BE131C8269D500BB5C6E /* LaunchScreen.storyboard in Resources */ = {isa = PBXBuildFile; fileRef = 7088BE111C8269D500BB5C6E /* LaunchScreen.storyboard */; };
		7088BE1E1C8269D600BB5C6E /* InstagramReduxTests.swift in Sources */ = {isa = PBXBuildFile; fileRef = 7088BE1D1C8269D600BB5C6E /* InstagramReduxTests.swift */; };
		7088BE291C8269D600BB5C6E /* InstagramReduxUITests.swift in Sources */ = {isa = PBXBuildFile; fileRef = 7088BE281C8269D600BB5C6E /* InstagramReduxUITests.swift */; };
/* End PBXBuildFile section */

/* Begin PBXContainerItemProxy section */
		7088BE1A1C8269D600BB5C6E /* PBXContainerItemProxy */ = {
			isa = PBXContainerItemProxy;
			containerPortal = 7088BDFD1C8269D500BB5C6E /* Project object */;
			proxyType = 1;
			remoteGlobalIDString = 7088BE041C8269D500BB5C6E;
			remoteInfo = InstagramRedux;
		};
		7088BE251C8269D600BB5C6E /* PBXContainerItemProxy */ = {
			isa = PBXContainerItemProxy;
			containerPortal = 7088BDFD1C8269D500BB5C6E /* Project object */;
			proxyType = 1;
			remoteGlobalIDString = 7088BE041C8269D500BB5C6E;
			remoteInfo = InstagramRedux;
		};
/* End PBXContainerItemProxy section */

/* Begin PBXFileReference section */
		7088BE051C8269D500BB5C6E /* InstagramRedux.app */ = {isa = PBXFileReference; explicitFileType = wrapper.application; includeInIndex = 0; path = InstagramRedux.app; sourceTree = BUILT_PRODUCTS_DIR; };
		7088BE081C8269D500BB5C6E /* AppDelegate.swift */ = {isa = PBXFileReference; lastKnownFileType = sourcecode.swift; path = AppDelegate.swift; sourceTree = "<group>"; };
		7088BE0A1C8269D500BB5C6E /* ViewController.swift */ = {isa = PBXFileReference; lastKnownFileType = sourcecode.swift; path = ViewController.swift; sourceTree = "<group>"; };
		7088BE0D1C8269D500BB5C6E /* Base */ = {isa = PBXFileReference; lastKnownFileType = file.storyboard; name = Base; path = Base.lproj/Main.storyboard; sourceTree = "<group>"; };
		7088BE0F1C8269D500BB5C6E /* Assets.xcassets */ = {isa = PBXFileReference; lastKnownFileType = folder.assetcatalog; path = Assets.xcassets; sourceTree = "<group>"; };
		7088BE121C8269D500BB5C6E /* Base */ = {isa = PBXFileReference; lastKnownFileType = file.storyboard; name = Base; path = Base.lproj/LaunchScreen.storyboard; sourceTree = "<group>"; };
		7088BE141C8269D500BB5C6E /* Info.plist */ = {isa = PBXFileReference; lastKnownFileType = text.plist.xml; path = Info.plist; sourceTree = "<group>"; };
		7088BE191C8269D600BB5C6E /* InstagramReduxTests.xctest */ = {isa = PBXFileReference; explicitFileType = wrapper.cfbundle; includeInIndex = 0; path = InstagramReduxTests.xctest; sourceTree = BUILT_PRODUCTS_DIR; };
		7088BE1D1C8269D600BB5C6E /* InstagramReduxTests.swift */ = {isa = PBXFileReference; lastKnownFileType = sourcecode.swift; path = InstagramReduxTests.swift; sourceTree = "<group>"; };
		7088BE1F1C8269D600BB5C6E /* Info.plist */ = {isa = PBXFileReference; lastKnownFileType = text.plist.xml; path = Info.plist; sourceTree = "<group>"; };
		7088BE241C8269D600BB5C6E /* InstagramReduxUITests.xctest */ = {isa = PBXFileReference; explicitFileType = wrapper.cfbundle; includeInIndex = 0; path = InstagramReduxUITests.xctest; sourceTree = BUILT_PRODUCTS_DIR; };
		7088BE281C8269D600BB5C6E /* InstagramReduxUITests.swift */ = {isa = PBXFileReference; lastKnownFileType = sourcecode.swift; path = InstagramReduxUITests.swift; sourceTree = "<group>"; };
		7088BE2A1C8269D600BB5C6E /* Info.plist */ = {isa = PBXFileReference; lastKnownFileType = text.plist.xml; path = Info.plist; sourceTree = "<group>"; };
/* End PBXFileReference section */

/* Begin PBXFrameworksBuildPhase section */
		7088BE021C8269D500BB5C6E /* Frameworks */ = {
			isa = PBXFrameworksBuildPhase;
			buildActionMask = 2147483647;
			files = (
			);
			runOnlyForDeploymentPostprocessing = 0;
		};
		7088BE161C8269D600BB5C6E /* Frameworks */ = {
			isa = PBXFrameworksBuildPhase;
			buildActionMask = 2147483647;
			files = (
			);
			runOnlyForDeploymentPostprocessing = 0;
		};
		7088BE211C8269D600BB5C6E /* Frameworks */ = {
			isa = PBXFrameworksBuildPhase;
			buildActionMask = 2147483647;
			files = (
			);
			runOnlyForDeploymentPostprocessing = 0;
		};
/* End PBXFrameworksBuildPhase section */

/* Begin PBXGroup section */
		7088BDFC1C8269D500BB5C6E = {
			isa = PBXGroup;
			children = (
				7088BE071C8269D500BB5C6E /* InstagramRedux */,
				7088BE1C1C8269D600BB5C6E /* InstagramReduxTests */,
				7088BE271C8269D600BB5C6E /* InstagramReduxUITests */,
				7088BE061C8269D500BB5C6E /* Products */,
			);
			sourceTree = "<group>";
		};
		7088BE061C8269D500BB5C6E /* Products */ = {
			isa = PBXGroup;
			children = (
				7088BE051C8269D500BB5C6E /* InstagramRedux.app */,
				7088BE191C8269D600BB5C6E /* InstagramReduxTests.xctest */,
				7088BE241C8269D600BB5C6E /* InstagramReduxUITests.xctest */,
			);
			name = Products;
			sourceTree = "<group>";
		};
		7088BE071C8269D500BB5C6E /* InstagramRedux */ = {
			isa = PBXGroup;
			children = (
				7088BE081C8269D500BB5C6E /* AppDelegate.swift */,
				7088BE0A1C8269D500BB5C6E /* ViewController.swift */,
				7088BE0C1C8269D500BB5C6E /* Main.storyboard */,
				7088BE0F1C8269D500BB5C6E /* Assets.xcassets */,
				7088BE111C8269D500BB5C6E /* LaunchScreen.storyboard */,
				7088BE141C8269D500BB5C6E /* Info.plist */,
			);
			path = InstagramRedux;
			sourceTree = "<group>";
		};
		7088BE1C1C8269D600BB5C6E /* InstagramReduxTests */ = {
			isa = PBXGroup;
			children = (
				7088BE1D1C8269D600BB5C6E /* InstagramReduxTests.swift */,
				7088BE1F1C8269D600BB5C6E /* Info.plist */,
			);
			path = InstagramReduxTests;
			sourceTree = "<group>";
		};
		7088BE271C8269D600BB5C6E /* InstagramReduxUITests */ = {
			isa = PBXGroup;
			children = (
				7088BE281C8269D600BB5C6E /* InstagramReduxUITests.swift */,
				7088BE2A1C8269D600BB5C6E /* Info.plist */,
			);
			path = InstagramReduxUITests;
			sourceTree = "<group>";
		};
/* End PBXGroup section */

/* Begin PBXNativeTarget section */
		7088BE041C8269D500BB5C6E /* InstagramRedux */ = {
			isa = PBXNativeTarget;
			buildConfigurationList = 7088BE2D1C8269D600BB5C6E /* Build configuration list for PBXNativeTarget "InstagramRedux" */;
			buildPhases = (
				7088BE011C8269D500BB5C6E /* Sources */,
				7088BE021C8269D500BB5C6E /* Frameworks */,
				7088BE031C8269D500BB5C6E /* Resources */,
			);
			buildRules = (
			);
			dependencies = (
			);
			name = InstagramRedux;
			productName = InstagramRedux;
			productReference = 7088BE051C8269D500BB5C6E /* InstagramRedux.app */;
			productType = "com.apple.product-type.application";
		};
		7088BE181C8269D600BB5C6E /* InstagramReduxTests */ = {
			isa = PBXNativeTarget;
			buildConfigurationList = 7088BE301C8269D600BB5C6E /* Build configuration list for PBXNativeTarget "InstagramReduxTests" */;
			buildPhases = (
				7088BE151C8269D600BB5C6E /* Sources */,
				7088BE161C8269D600BB5C6E /* Frameworks */,
				7088BE171C8269D600BB5C6E /* Resources */,
			);
			buildRules = (
			);
			dependencies = (
				7088BE1B1C8269D600BB5C6E /* PBXTargetDependency */,
			);
			name = InstagramReduxTests;
			productName = InstagramReduxTests;
			productReference = 7088BE191C8269D600BB5C6E /* InstagramReduxTests.xctest */;
			productType = "com.apple.product-type.bundle.unit-test";
		};
		7088BE231C8269D600BB5C6E /* InstagramReduxUITests */ = {
			isa = PBXNativeTarget;
			buildConfigurationList = 7088BE331C8269D600BB5C6E /* Build configuration list for PBXNativeTarget "InstagramReduxUITests" */;
			buildPhases = (
				7088BE201C8269D600BB5C6E /* Sources */,
				7088BE211C8269D600BB5C6E /* Frameworks */,
				7088BE221C8269D600BB5C6E /* Resources */,
			);
			buildRules = (
			);
			dependencies = (
				7088BE261C8269D600BB5C6E /* PBXTargetDependency */,
			);
			name = InstagramReduxUITests;
			productName = InstagramReduxUITests;
			productReference = 7088BE241C8269D600BB5C6E /* InstagramReduxUITests.xctest */;
			productType = "com.apple.product-type.bundle.ui-testing";
		};
/* End PBXNativeTarget section */

/* Begin PBXProject section */
		7088BDFD1C8269D500BB5C6E /* Project object */ = {
			isa = PBXProject;
			attributes = {
				LastSwiftUpdateCheck = 0720;
				LastUpgradeCheck = 0720;
				ORGANIZATIONNAME = "CodePath - Saul";
				TargetAttributes = {
					7088BE041C8269D500BB5C6E = {
						CreatedOnToolsVersion = 7.2;
					};
					7088BE181C8269D600BB5C6E = {
						CreatedOnToolsVersion = 7.2;
						TestTargetID = 7088BE041C8269D500BB5C6E;
					};
					7088BE231C8269D600BB5C6E = {
						CreatedOnToolsVersion = 7.2;
						TestTargetID = 7088BE041C8269D500BB5C6E;
					};
				};
			};
			buildConfigurationList = 7088BE001C8269D500BB5C6E /* Build configuration list for PBXProject "InstagramRedux" */;
			compatibilityVersion = "Xcode 3.2";
			developmentRegion = English;
			hasScannedForEncodings = 0;
			knownRegions = (
				en,
				Base,
			);
			mainGroup = 7088BDFC1C8269D500BB5C6E;
			productRefGroup = 7088BE061C8269D500BB5C6E /* Products */;
			projectDirPath = "";
			projectRoot = "";
			targets = (
				7088BE041C8269D500BB5C6E /* InstagramRedux */,
				7088BE181C8269D600BB5C6E /* InstagramReduxTests */,
				7088BE231C8269D600BB5C6E /* InstagramReduxUITests */,
			);
		};
/* End PBXProject section */

/* Begin PBXResourcesBuildPhase section */
		7088BE031C8269D500BB5C6E /* Resources */ = {
			isa = PBXResourcesBuildPhase;
			buildActionMask = 2147483647;
			files = (
				7088BE131C8269D500BB5C6E /* LaunchScreen.storyboard in Resources */,
				7088BE101C8269D500BB5C6E /* Assets.xcassets in Resources */,
				7088BE0E1C8269D500BB5C6E /* Main.storyboard in Resources */,
			);
			runOnlyForDeploymentPostprocessing = 0;
		};
		7088BE171C8269D600BB5C6E /* Resources */ = {
			isa = PBXResourcesBuildPhase;
			buildActionMask = 2147483647;
			files = (
			);
			runOnlyForDeploymentPostprocessing = 0;
		};
		7088BE221C8269D600BB5C6E /* Resources */ = {
			isa = PBXResourcesBuildPhase;
			buildActionMask = 2147483647;
			files = (
			);
			runOnlyForDeploymentPostprocessing = 0;
		};
/* End PBXResourcesBuildPhase section */

/* Begin PBXSourcesBuildPhase section */
		7088BE011C8269D500BB5C6E /* Sources */ = {
			isa = PBXSourcesBuildPhase;
			buildActionMask = 2147483647;
			files = (
				7088BE0B1C8269D500BB5C6E /* ViewController.swift in Sources */,
				7088BE091C8269D500BB5C6E /* AppDelegate.swift in Sources */,
			);
			runOnlyForDeploymentPostprocessing = 0;
		};
		7088BE151C8269D600BB5C6E /* Sources */ = {
			isa = PBXSourcesBuildPhase;
			buildActionMask = 2147483647;
			files = (
				7088BE1E1C8269D600BB5C6E /* InstagramReduxTests.swift in Sources */,
			);
			runOnlyForDeploymentPostprocessing = 0;
		};
		7088BE201C8269D600BB5C6E /* Sources */ = {
			isa = PBXSourcesBuildPhase;
			buildActionMask = 2147483647;
			files = (
				7088BE291C8269D600BB5C6E /* InstagramReduxUITests.swift in Sources */,
			);
			runOnlyForDeploymentPostprocessing = 0;
		};
/* End PBXSourcesBuildPhase section */

/* Begin PBXTargetDependency section */
		7088BE1B1C8269D600BB5C6E /* PBXTargetDependency */ = {
			isa = PBXTargetDependency;
			target = 7088BE041C8269D500BB5C6E /* InstagramRedux */;
			targetProxy = 7088BE1A1C8269D600BB5C6E /* PBXContainerItemProxy */;
		};
		7088BE261C8269D600BB5C6E /* PBXTargetDependency */ = {
			isa = PBXTargetDependency;
			target = 7088BE041C8269D500BB5C6E /* InstagramRedux */;
			targetProxy = 7088BE251C8269D600BB5C6E /* PBXContainerItemProxy */;
		};
/* End PBXTargetDependency section */

/* Begin PBXVariantGroup section */
		7088BE0C1C8269D500BB5C6E /* Main.storyboard */ = {
			isa = PBXVariantGroup;
			children = (
				7088BE0D1C8269D500BB5C6E /* Base */,
			);
			name = Main.storyboard;
			sourceTree = "<group>";
		};
		7088BE111C8269D500BB5C6E /* LaunchScreen.storyboard */ = {
			isa = PBXVariantGroup;
			children = (
				7088BE121C8269D500BB5C6E /* Base */,
			);
			name = LaunchScreen.storyboard;
			sourceTree = "<group>";
		};
/* End PBXVariantGroup section */

/* Begin XCBuildConfiguration section */
		7088BE2B1C8269D600BB5C6E /* Debug */ = {
			isa = XCBuildConfiguration;
			buildSettings = {
				ALWAYS_SEARCH_USER_PATHS = NO;
				CLANG_CXX_LANGUAGE_STANDARD = "gnu++0x";
				CLANG_CXX_LIBRARY = "libc++";
				CLANG_ENABLE_MODULES = YES;
				CLANG_ENABLE_OBJC_ARC = YES;
				CLANG_WARN_BOOL_CONVERSION = YES;
				CLANG_WARN_CONSTANT_CONVERSION = YES;
				CLANG_WARN_DIRECT_OBJC_ISA_USAGE = YES_ERROR;
				CLANG_WARN_EMPTY_BODY = YES;
				CLANG_WARN_ENUM_CONVERSION = YES;
				CLANG_WARN_INT_CONVERSION = YES;
				CLANG_WARN_OBJC_ROOT_CLASS = YES_ERROR;
				CLANG_WARN_UNREACHABLE_CODE = YES;
				CLANG_WARN__DUPLICATE_METHOD_MATCH = YES;
				"CODE_SIGN_IDENTITY[sdk=iphoneos*]" = "iPhone Developer";
				COPY_PHASE_STRIP = NO;
				DEBUG_INFORMATION_FORMAT = dwarf;
				ENABLE_STRICT_OBJC_MSGSEND = YES;
				ENABLE_TESTABILITY = YES;
				GCC_C_LANGUAGE_STANDARD = gnu99;
				GCC_DYNAMIC_NO_PIC = NO;
				GCC_NO_COMMON_BLOCKS = YES;
				GCC_OPTIMIZATION_LEVEL = 0;
				GCC_PREPROCESSOR_DEFINITIONS = (
					"DEBUG=1",
					"$(inherited)",
				);
				GCC_WARN_64_TO_32_BIT_CONVERSION = YES;
				GCC_WARN_ABOUT_RETURN_TYPE = YES_ERROR;
				GCC_WARN_UNDECLARED_SELECTOR = YES;
				GCC_WARN_UNINITIALIZED_AUTOS = YES_AGGRESSIVE;
				GCC_WARN_UNUSED_FUNCTION = YES;
				GCC_WARN_UNUSED_VARIABLE = YES;
				IPHONEOS_DEPLOYMENT_TARGET = 9.2;
				MTL_ENABLE_DEBUG_INFO = YES;
				ONLY_ACTIVE_ARCH = YES;
				SDKROOT = iphoneos;
				SWIFT_OPTIMIZATION_LEVEL = "-Onone";
			};
			name = Debug;
		};
		7088BE2C1C8269D600BB5C6E /* Release */ = {
			isa = XCBuildConfiguration;
			buildSettings = {
				ALWAYS_SEARCH_USER_PATHS = NO;
				CLANG_CXX_LANGUAGE_STANDARD = "gnu++0x";
				CLANG_CXX_LIBRARY = "libc++";
				CLANG_ENABLE_MODULES = YES;
				CLANG_ENABLE_OBJC_ARC = YES;
				CLANG_WARN_BOOL_CONVERSION = YES;
				CLANG_WARN_CONSTANT_CONVERSION = YES;
				CLANG_WARN_DIRECT_OBJC_ISA_USAGE = YES_ERROR;
				CLANG_WARN_EMPTY_BODY = YES;
				CLANG_WARN_ENUM_CONVERSION = YES;
				CLANG_WARN_INT_CONVERSION = YES;
				CLANG_WARN_OBJC_ROOT_CLASS = YES_ERROR;
				CLANG_WARN_UNREACHABLE_CODE = YES;
				CLANG_WARN__DUPLICATE_METHOD_MATCH = YES;
				"CODE_SIGN_IDENTITY[sdk=iphoneos*]" = "iPhone Developer";
				COPY_PHASE_STRIP = NO;
				DEBUG_INFORMATION_FORMAT = "dwarf-with-dsym";
				ENABLE_NS_ASSERTIONS = NO;
				ENABLE_STRICT_OBJC_MSGSEND = YES;
				GCC_C_LANGUAGE_STANDARD = gnu99;
				GCC_NO_COMMON_BLOCKS = YES;
				GCC_WARN_64_TO_32_BIT_CONVERSION = YES;
				GCC_WARN_ABOUT_RETURN_TYPE = YES_ERROR;
				GCC_WARN_UNDECLARED_SELECTOR = YES;
				GCC_WARN_UNINITIALIZED_AUTOS = YES_AGGRESSIVE;
				GCC_WARN_UNUSED_FUNCTION = YES;
				GCC_WARN_UNUSED_VARIABLE = YES;
				IPHONEOS_DEPLOYMENT_TARGET = 9.2;
				MTL_ENABLE_DEBUG_INFO = NO;
				SDKROOT = iphoneos;
				VALIDATE_PRODUCT = YES;
			};
			name = Release;
		};
		7088BE2E1C8269D600BB5C6E /* Debug */ = {
			isa = XCBuildConfiguration;
			buildSettings = {
				ASSETCATALOG_COMPILER_APPICON_NAME = AppIcon;
				INFOPLIST_FILE = InstagramRedux/Info.plist;
				LD_RUNPATH_SEARCH_PATHS = "$(inherited) @executable_path/Frameworks";
				PRODUCT_BUNDLE_IDENTIFIER = com.codepath.InstagramRedux;
				PRODUCT_NAME = "$(TARGET_NAME)";
			};
			name = Debug;
		};
		7088BE2F1C8269D600BB5C6E /* Release */ = {
			isa = XCBuildConfiguration;
			buildSettings = {
				ASSETCATALOG_COMPILER_APPICON_NAME = AppIcon;
				INFOPLIST_FILE = InstagramRedux/Info.plist;
				LD_RUNPATH_SEARCH_PATHS = "$(inherited) @executable_path/Frameworks";
				PRODUCT_BUNDLE_IDENTIFIER = com.codepath.InstagramRedux;
				PRODUCT_NAME = "$(TARGET_NAME)";
			};
			name = Release;
		};
		7088BE311C8269D600BB5C6E /* Debug */ = {
			isa = XCBuildConfiguration;
			buildSettings = {
				BUNDLE_LOADER = "$(TEST_HOST)";
				INFOPLIST_FILE = InstagramReduxTests/Info.plist;
				LD_RUNPATH_SEARCH_PATHS = "$(inherited) @executable_path/Frameworks @loader_path/Frameworks";
				PRODUCT_BUNDLE_IDENTIFIER = com.codepath.InstagramReduxTests;
				PRODUCT_NAME = "$(TARGET_NAME)";
				TEST_HOST = "$(BUILT_PRODUCTS_DIR)/InstagramRedux.app/InstagramRedux";
			};
			name = Debug;
		};
		7088BE321C8269D600BB5C6E /* Release */ = {
			isa = XCBuildConfiguration;
			buildSettings = {
				BUNDLE_LOADER = "$(TEST_HOST)";
				INFOPLIST_FILE = InstagramReduxTests/Info.plist;
				LD_RUNPATH_SEARCH_PATHS = "$(inherited) @executable_path/Frameworks @loader_path/Frameworks";
				PRODUCT_BUNDLE_IDENTIFIER = com.codepath.InstagramReduxTests;
				PRODUCT_NAME = "$(TARGET_NAME)";
				TEST_HOST = "$(BUILT_PRODUCTS_DIR)/InstagramRedux.app/InstagramRedux";
			};
			name = Release;
		};
		7088BE341C8269D600BB5C6E /* Debug */ = {
			isa = XCBuildConfiguration;
			buildSettings = {
				INFOPLIST_FILE = InstagramReduxUITests/Info.plist;
				LD_RUNPATH_SEARCH_PATHS = "$(inherited) @executable_path/Frameworks @loader_path/Frameworks";
				PRODUCT_BUNDLE_IDENTIFIER = com.codepath.InstagramReduxUITests;
				PRODUCT_NAME = "$(TARGET_NAME)";
				TEST_TARGET_NAME = InstagramRedux;
				USES_XCTRUNNER = YES;
			};
			name = Debug;
		};
		7088BE351C8269D600BB5C6E /* Release */ = {
			isa = XCBuildConfiguration;
			buildSettings = {
				INFOPLIST_FILE = InstagramReduxUITests/Info.plist;
				LD_RUNPATH_SEARCH_PATHS = "$(inherited) @executable_path/Frameworks @loader_path/Frameworks";
				PRODUCT_BUNDLE_IDENTIFIER = com.codepath.InstagramReduxUITests;
				PRODUCT_NAME = "$(TARGET_NAME)";
				TEST_TARGET_NAME = InstagramRedux;
				USES_XCTRUNNER = YES;
			};
			name = Release;
		};
/* End XCBuildConfiguration section */

/* Begin XCConfigurationList section */
		7088BE001C8269D500BB5C6E /* Build configuration list for PBXProject "InstagramRedux" */ = {
			isa = XCConfigurationList;
			buildConfigurations = (
				7088BE2B1C8269D600BB5C6E /* Debug */,
				7088BE2C1C8269D600BB5C6E /* Release */,
			);
			defaultConfigurationIsVisible = 0;
			defaultConfigurationName = Release;
		};
		7088BE2D1C8269D600BB5C6E /* Build configuration list for PBXNativeTarget "InstagramRedux" */ = {
			isa = XCConfigurationList;
			buildConfigurations = (
				7088BE2E1C8269D600BB5C6E /* Debug */,
				7088BE2F1C8269D600BB5C6E /* Release */,
			);
			defaultConfigurationIsVisible = 0;
		};
		7088BE301C8269D600BB5C6E /* Build configuration list for PBXNativeTarget "InstagramReduxTests" */ = {
			isa = XCConfigurationList;
			buildConfigurations = (
				7088BE311C8269D600BB5C6E /* Debug */,
				7088BE321C8269D600BB5C6E /* Release */,
			);
			defaultConfigurationIsVisible = 0;
		};
		7088BE331C8269D600BB5C6E /* Build configuration list for PBXNativeTarget "InstagramReduxUITests" */ = {
			isa = XCConfigurationList;
			buildConfigurations = (
				7088BE341C8269D600BB5C6E /* Debug */,
				7088BE351C8269D600BB5C6E /* Release */,
			);
			defaultConfigurationIsVisible = 0;
		};
/* End XCConfigurationList section */
	};
	rootObject = 7088BDFD1C8269D500BB5C6E /* Project object */;
}
